
Microsoft Visual Studio Solution File, Format Version 12.00
# Visual Studio Version 16
VisualStudioVersion = 16.0.30320.27
MinimumVisualStudioVersion = 10.0.40219.1
Project("{FAE04EC0-301F-11D3-BF4B-00C04F79EFBC}") = "ConsoleNotifyDll", "ConsoleNotifyDll\ConsoleNotifyDll.csproj", "{40E24EFC-3DD1-4424-BB08-26C80A583680}"
EndProject
Global
	GlobalSection(SolutionConfigurationPlatforms) = preSolution
		Debug|Any CPU = Debug|Any CPU
		Release|Any CPU = Release|Any CPU
	EndGlobalSection
	GlobalSection(ProjectConfigurationPlatforms) = postSolution
		{40E24EFC-3DD1-4424-BB08-26C80A583680}.Debug|Any CPU.ActiveCfg = Debug|Any CPU
		{40E24EFC-3DD1-4424-BB08-26C80A583680}.Debug|Any CPU.Build.0 = Debug|Any CPU
		{40E24EFC-3DD1-4424-BB08-26C80A583680}.Release|Any CPU.ActiveCfg = Release|Any CPU
		{40E24EFC-3DD1-4424-BB08-26C80A583680}.Release|Any CPU.Build.0 = Release|Any CPU
	EndGlobalSection
	GlobalSection(SolutionProperties) = preSolution
		HideSolutionNode = FALSE
	EndGlobalSection
	GlobalSection(ExtensibilityGlobals) = postSolution
		SolutionGuid = {7E1F07B0-F671-4630-9CBF-286B41C0B0E8}
	EndGlobalSection
EndGlobal
